
Microsoft Visual Studio Solution File, Format Version 12.00
# Visual Studio Version 16
VisualStudioVersion = 16.0.30406.217
MinimumVisualStudioVersion = 10.0.40219.1
Project("{9A19103F-16F7-4668-BE54-9A1E7A4F7556}") = "HealthyDuty.Web", "HealthyDuty.Web\HealthyDuty.Web.csproj", "{BE6BC060-3C39-42A5-AE9D-20DC7C61D378}"
EndProject
Project("{9A19103F-16F7-4668-BE54-9A1E7A4F7556}") = "HealthyDuty.Data", "HealthyDuty.Data\HealthyDuty.Data.csproj", "{BB456103-22E0-4D73-90EC-575C4733B6F4}"
EndProject
Project("{9A19103F-16F7-4668-BE54-9A1E7A4F7556}") = "HealthyDuty.Web.Business", "HealthyDuty.Web.Business\HealthyDuty.Web.Business.csproj", "{91E1014B-1DA3-4F5C-9FED-E2CF179EA63C}"
EndProject
Project("{FAE04EC0-301F-11D3-BF4B-00C04F79EFBC}") = "_doc", "_doc\_doc.csproj", "{9717FD52-9D39-4280-9FF1-27A5FFEF143D}"
EndProject
Global
	GlobalSection(SolutionConfigurationPlatforms) = preSolution
		Debug|Any CPU = Debug|Any CPU
		Release|Any CPU = Release|Any CPU
	EndGlobalSection
	GlobalSection(ProjectConfigurationPlatforms) = postSolution
		{BE6BC060-3C39-42A5-AE9D-20DC7C61D378}.Debug|Any CPU.ActiveCfg = Debug|Any CPU
		{BE6BC060-3C39-42A5-AE9D-20DC7C61D378}.Debug|Any CPU.Build.0 = Debug|Any CPU
		{BE6BC060-3C39-42A5-AE9D-20DC7C61D378}.Release|Any CPU.ActiveCfg = Release|Any CPU
		{BE6BC060-3C39-42A5-AE9D-20DC7C61D378}.Release|Any CPU.Build.0 = Release|Any CPU
		{BB456103-22E0-4D73-90EC-575C4733B6F4}.Debug|Any CPU.ActiveCfg = Debug|Any CPU
		{BB456103-22E0-4D73-90EC-575C4733B6F4}.Debug|Any CPU.Build.0 = Debug|Any CPU
		{BB456103-22E0-4D73-90EC-575C4733B6F4}.Release|Any CPU.ActiveCfg = Release|Any CPU
		{BB456103-22E0-4D73-90EC-575C4733B6F4}.Release|Any CPU.Build.0 = Release|Any CPU
		{91E1014B-1DA3-4F5C-9FED-E2CF179EA63C}.Debug|Any CPU.ActiveCfg = Debug|Any CPU
		{91E1014B-1DA3-4F5C-9FED-E2CF179EA63C}.Debug|Any CPU.Build.0 = Debug|Any CPU
		{91E1014B-1DA3-4F5C-9FED-E2CF179EA63C}.Release|Any CPU.ActiveCfg = Release|Any CPU
		{91E1014B-1DA3-4F5C-9FED-E2CF179EA63C}.Release|Any CPU.Build.0 = Release|Any CPU
		{9717FD52-9D39-4280-9FF1-27A5FFEF143D}.Debug|Any CPU.ActiveCfg = Debug|Any CPU
		{9717FD52-9D39-4280-9FF1-27A5FFEF143D}.Debug|Any CPU.Build.0 = Debug|Any CPU
		{9717FD52-9D39-4280-9FF1-27A5FFEF143D}.Release|Any CPU.ActiveCfg = Release|Any CPU
		{9717FD52-9D39-4280-9FF1-27A5FFEF143D}.Release|Any CPU.Build.0 = Release|Any CPU
	EndGlobalSection
	GlobalSection(SolutionProperties) = preSolution
		HideSolutionNode = FALSE
	EndGlobalSection
	GlobalSection(ExtensibilityGlobals) = postSolution
		SolutionGuid = {EFDE874C-01E4-40A9-B3EC-3D7777B30B74}
	EndGlobalSection
EndGlobal
